
Microsoft Visual Studio Solution File, Format Version 12.00
# Visual Studio Version 17
VisualStudioVersion = 17.11.35327.3
MinimumVisualStudioVersion = 10.0.40219.1
Project("{FAE04EC0-301F-11D3-BF4B-00C04F79EFBC}") = "CompuMedical.WebAPI", "CompuMedical.WebAPI\CompuMedical.WebAPI.csproj", "{1DE6CBBE-2A9D-4153-84ED-9C783C4CDD8A}"
EndProject
Project("{FAE04EC0-301F-11D3-BF4B-00C04F79EFBC}") = "CompuMedical.Infrastructure", "CompuMedical.Infrastructure\CompuMedical.Infrastructure.csproj", "{C3459C1A-5D53-4F3B-9DE7-D6D91F059111}"
EndProject
Project("{FAE04EC0-301F-11D3-BF4B-00C04F79EFBC}") = "CompuMedical.Core", "CompuMedical.Core\CompuMedical.Core.csproj", "{719F08AA-6D63-49DD-A8A7-8E5F7DFF3CA1}"
EndProject
Project("{FAE04EC0-301F-11D3-BF4B-00C04F79EFBC}") = "CompuMedical.Application", "CompuMedical.Application\CompuMedical.Application.csproj", "{8D75DD34-A8E7-433C-8079-9F4FA1B21CA6}"
EndProject
Global
	GlobalSection(SolutionConfigurationPlatforms) = preSolution
		Debug|Any CPU = Debug|Any CPU
		Release|Any CPU = Release|Any CPU
	EndGlobalSection
	GlobalSection(ProjectConfigurationPlatforms) = postSolution
		{1DE6CBBE-2A9D-4153-84ED-9C783C4CDD8A}.Debug|Any CPU.ActiveCfg = Debug|Any CPU
		{1DE6CBBE-2A9D-4153-84ED-9C783C4CDD8A}.Debug|Any CPU.Build.0 = Debug|Any CPU
		{1DE6CBBE-2A9D-4153-84ED-9C783C4CDD8A}.Release|Any CPU.ActiveCfg = Release|Any CPU
		{1DE6CBBE-2A9D-4153-84ED-9C783C4CDD8A}.Release|Any CPU.Build.0 = Release|Any CPU
		{C3459C1A-5D53-4F3B-9DE7-D6D91F059111}.Debug|Any CPU.ActiveCfg = Debug|Any CPU
		{C3459C1A-5D53-4F3B-9DE7-D6D91F059111}.Debug|Any CPU.Build.0 = Debug|Any CPU
		{C3459C1A-5D53-4F3B-9DE7-D6D91F059111}.Release|Any CPU.ActiveCfg = Release|Any CPU
		{C3459C1A-5D53-4F3B-9DE7-D6D91F059111}.Release|Any CPU.Build.0 = Release|Any CPU
		{719F08AA-6D63-49DD-A8A7-8E5F7DFF3CA1}.Debug|Any CPU.ActiveCfg = Debug|Any CPU
		{719F08AA-6D63-49DD-A8A7-8E5F7DFF3CA1}.Debug|Any CPU.Build.0 = Debug|Any CPU
		{719F08AA-6D63-49DD-A8A7-8E5F7DFF3CA1}.Release|Any CPU.ActiveCfg = Release|Any CPU
		{719F08AA-6D63-49DD-A8A7-8E5F7DFF3CA1}.Release|Any CPU.Build.0 = Release|Any CPU
		{8D75DD34-A8E7-433C-8079-9F4FA1B21CA6}.Debug|Any CPU.ActiveCfg = Debug|Any CPU
		{8D75DD34-A8E7-433C-8079-9F4FA1B21CA6}.Debug|Any CPU.Build.0 = Debug|Any CPU
		{8D75DD34-A8E7-433C-8079-9F4FA1B21CA6}.Release|Any CPU.ActiveCfg = Release|Any CPU
		{8D75DD34-A8E7-433C-8079-9F4FA1B21CA6}.Release|Any CPU.Build.0 = Release|Any CPU
	EndGlobalSection
	GlobalSection(SolutionProperties) = preSolution
		HideSolutionNode = FALSE
	EndGlobalSection
	GlobalSection(ExtensibilityGlobals) = postSolution
		SolutionGuid = {231A903A-034F-4E6F-9D40-10DEB1A3551C}
	EndGlobalSection
EndGlobal
